
Microsoft Visual Studio Solution File, Format Version 12.00
# Visual Studio Version 17
VisualStudioVersion = 17.9.34622.214
MinimumVisualStudioVersion = 10.0.40219.1
Project("{FAE04EC0-301F-11D3-BF4B-00C04F79EFBC}") = "algo", "algo\algo.csproj", "{EC20E0F5-BF4F-45F2-ADB2-C804A794F6DD}"
EndProject
Global
	GlobalSection(SolutionConfigurationPlatforms) = preSolution
		Debug|Any CPU = Debug|Any CPU
		Release|Any CPU = Release|Any CPU
	EndGlobalSection
	GlobalSection(ProjectConfigurationPlatforms) = postSolution
		{EC20E0F5-BF4F-45F2-ADB2-C804A794F6DD}.Debug|Any CPU.ActiveCfg = Debug|Any CPU
		{EC20E0F5-BF4F-45F2-ADB2-C804A794F6DD}.Debug|Any CPU.Build.0 = Debug|Any CPU
		{EC20E0F5-BF4F-45F2-ADB2-C804A794F6DD}.Release|Any CPU.ActiveCfg = Release|Any CPU
		{EC20E0F5-BF4F-45F2-ADB2-C804A794F6DD}.Release|Any CPU.Build.0 = Release|Any CPU
	EndGlobalSection
	GlobalSection(SolutionProperties) = preSolution
		HideSolutionNode = FALSE
	EndGlobalSection
	GlobalSection(ExtensibilityGlobals) = postSolution
		SolutionGuid = {461790ED-263F-45D8-A936-CEEEFF5E0540}
	EndGlobalSection
EndGlobal
